
Microsoft Visual Studio Solution File, Format Version 12.00
# Visual Studio 15
VisualStudioVersion = 15.0.27004.2010
MinimumVisualStudioVersion = 10.0.40219.1
Project("{FAE04EC0-301F-11D3-BF4B-00C04F79EFBC}") = "PrsnlTkp.DAL", "PrsnlTkp.DAL\PrsnlTkp.DAL.csproj", "{C7C19FE5-CEA4-4388-ADFF-979E01C736BE}"
EndProject
Project("{FAE04EC0-301F-11D3-BF4B-00C04F79EFBC}") = "PrsnlTkp.BL", "PrsnlTkp.BL\PrsnlTkp.BL.csproj", "{3B93BC23-06D9-4CDD-A213-EBE12DB72528}"
EndProject
Project("{FAE04EC0-301F-11D3-BF4B-00C04F79EFBC}") = "PrsnlTkp.UI", "PrsnlTkp.UI\PrsnlTkp.UI.csproj", "{71C154E8-9E26-4A51-99B4-DCE7D6CE114D}"
EndProject
Global
	GlobalSection(SolutionConfigurationPlatforms) = preSolution
		Debug|Any CPU = Debug|Any CPU
		Release|Any CPU = Release|Any CPU
	EndGlobalSection
	GlobalSection(ProjectConfigurationPlatforms) = postSolution
		{C7C19FE5-CEA4-4388-ADFF-979E01C736BE}.Debug|Any CPU.ActiveCfg = Debug|Any CPU
		{C7C19FE5-CEA4-4388-ADFF-979E01C736BE}.Debug|Any CPU.Build.0 = Debug|Any CPU
		{C7C19FE5-CEA4-4388-ADFF-979E01C736BE}.Release|Any CPU.ActiveCfg = Release|Any CPU
		{C7C19FE5-CEA4-4388-ADFF-979E01C736BE}.Release|Any CPU.Build.0 = Release|Any CPU
		{3B93BC23-06D9-4CDD-A213-EBE12DB72528}.Debug|Any CPU.ActiveCfg = Debug|Any CPU
		{3B93BC23-06D9-4CDD-A213-EBE12DB72528}.Debug|Any CPU.Build.0 = Debug|Any CPU
		{3B93BC23-06D9-4CDD-A213-EBE12DB72528}.Release|Any CPU.ActiveCfg = Release|Any CPU
		{3B93BC23-06D9-4CDD-A213-EBE12DB72528}.Release|Any CPU.Build.0 = Release|Any CPU
		{71C154E8-9E26-4A51-99B4-DCE7D6CE114D}.Debug|Any CPU.ActiveCfg = Debug|Any CPU
		{71C154E8-9E26-4A51-99B4-DCE7D6CE114D}.Debug|Any CPU.Build.0 = Debug|Any CPU
		{71C154E8-9E26-4A51-99B4-DCE7D6CE114D}.Release|Any CPU.ActiveCfg = Release|Any CPU
		{71C154E8-9E26-4A51-99B4-DCE7D6CE114D}.Release|Any CPU.Build.0 = Release|Any CPU
	EndGlobalSection
	GlobalSection(SolutionProperties) = preSolution
		HideSolutionNode = FALSE
	EndGlobalSection
	GlobalSection(ExtensibilityGlobals) = postSolution
		SolutionGuid = {69F2E9E8-750B-46A2-8522-8492B4C327C8}
	EndGlobalSection
EndGlobal
